
Microsoft Visual Studio Solution File, Format Version 12.00
# Visual Studio 15
Project("{FAE04EC0-301F-11D3-BF4B-00C04F79EFBC}") = "Assembly-CSharp", "Assembly-CSharp.csproj", "{D2B62C5F-7947-B414-7F49-D670EB4959F7}"
EndProject
Project("{FAE04EC0-301F-11D3-BF4B-00C04F79EFBC}") = "Assembly-CSharp-Editor", "Assembly-CSharp-Editor.csproj", "{53DC23DE-1D15-2640-C57A-01FB298497BD}"
EndProject
Global
	GlobalSection(SolutionConfigurationPlatforms) = preSolution
		Debug|Any CPU = Debug|Any CPU
		Release|Any CPU = Release|Any CPU
	EndGlobalSection
	GlobalSection(ProjectConfigurationPlatforms) = postSolution
		{D2B62C5F-7947-B414-7F49-D670EB4959F7}.Debug|Any CPU.ActiveCfg = Debug|Any CPU
		{D2B62C5F-7947-B414-7F49-D670EB4959F7}.Debug|Any CPU.Build.0 = Debug|Any CPU
		{D2B62C5F-7947-B414-7F49-D670EB4959F7}.Release|Any CPU.ActiveCfg = Release|Any CPU
		{D2B62C5F-7947-B414-7F49-D670EB4959F7}.Release|Any CPU.Build.0 = Release|Any CPU
		{53DC23DE-1D15-2640-C57A-01FB298497BD}.Debug|Any CPU.ActiveCfg = Debug|Any CPU
		{53DC23DE-1D15-2640-C57A-01FB298497BD}.Debug|Any CPU.Build.0 = Debug|Any CPU
		{53DC23DE-1D15-2640-C57A-01FB298497BD}.Release|Any CPU.ActiveCfg = Release|Any CPU
		{53DC23DE-1D15-2640-C57A-01FB298497BD}.Release|Any CPU.Build.0 = Release|Any CPU
	EndGlobalSection
	GlobalSection(SolutionProperties) = preSolution
		HideSolutionNode = FALSE
	EndGlobalSection
EndGlobal
